
Microsoft Visual Studio Solution File, Format Version 12.00
# Visual Studio 2013
VisualStudioVersion = 12.0.30501.0
MinimumVisualStudioVersion = 10.0.40219.1
Project("{FAE04EC0-301F-11D3-BF4B-00C04F79EFBC}") = "Ynnova.YTrac.Web", "Ynnova.YTrac.Web\Ynnova.YTrac.Web.csproj", "{4C6D5498-98EB-4901-8927-E780EB14A856}"
EndProject
Global
	GlobalSection(SolutionConfigurationPlatforms) = preSolution
		Debug|Any CPU = Debug|Any CPU
		Release|Any CPU = Release|Any CPU
	EndGlobalSection
	GlobalSection(ProjectConfigurationPlatforms) = postSolution
		{4C6D5498-98EB-4901-8927-E780EB14A856}.Debug|Any CPU.ActiveCfg = Debug|Any CPU
		{4C6D5498-98EB-4901-8927-E780EB14A856}.Debug|Any CPU.Build.0 = Debug|Any CPU
		{4C6D5498-98EB-4901-8927-E780EB14A856}.Release|Any CPU.ActiveCfg = Release|Any CPU
		{4C6D5498-98EB-4901-8927-E780EB14A856}.Release|Any CPU.Build.0 = Release|Any CPU
	EndGlobalSection
	GlobalSection(SolutionProperties) = preSolution
		HideSolutionNode = FALSE
	EndGlobalSection
EndGlobal
